// !$*UTF8*$!
{
	archiveVersion = 1;
	classes = {
	};
	objectVersion = 56;
	objects = {

/* Begin PBXBuildFile section */
		C42B8F7D2C4584790077F41E /* SimpleCollectionViewController.swift in Sources */ = {isa = PBXBuildFile; fileRef = C42B8F7C2C4584790077F41E /* SimpleCollectionViewController.swift */; };
		C42B8F7F2C4589970077F41E /* SimpleView.swift in Sources */ = {isa = PBXBuildFile; fileRef = C42B8F7E2C4589970077F41E /* SimpleView.swift */; };
		C44C47D12C430786001B6BB0 /* AppDelegate.swift in Sources */ = {isa = PBXBuildFile; fileRef = C44C47D02C430786001B6BB0 /* AppDelegate.swift */; };
		C44C47D32C430786001B6BB0 /* SceneDelegate.swift in Sources */ = {isa = PBXBuildFile; fileRef = C44C47D22C430786001B6BB0 /* SceneDelegate.swift */; };
		C44C47D52C430786001B6BB0 /* ViewController.swift in Sources */ = {isa = PBXBuildFile; fileRef = C44C47D42C430786001B6BB0 /* ViewController.swift */; };
		C44C47D82C430786001B6BB0 /* Base in Resources */ = {isa = PBXBuildFile; fileRef = C44C47D72C430786001B6BB0 /* Base */; };
		C44C47DA2C430788001B6BB0 /* Assets.xcassets in Resources */ = {isa = PBXBuildFile; fileRef = C44C47D92C430788001B6BB0 /* Assets.xcassets */; };
		C44C47DD2C430788001B6BB0 /* Base in Resources */ = {isa = PBXBuildFile; fileRef = C44C47DC2C430788001B6BB0 /* Base */; };
		C44C47E82C438F08001B6BB0 /* BasicViewController.swift in Sources */ = {isa = PBXBuildFile; fileRef = C44C47E72C438F08001B6BB0 /* BasicViewController.swift */; };
		C44C48072C439168001B6BB0 /* MixFrameworkViewController.swift in Sources */ = {isa = PBXBuildFile; fileRef = C44C48062C439168001B6BB0 /* MixFrameworkViewController.swift */; };
		C44C480C2C4393D0001B6BB0 /* SimpleViewController.swift in Sources */ = {isa = PBXBuildFile; fileRef = C44C480B2C4393D0001B6BB0 /* SimpleViewController.swift */; };
		C44C480E2C4394CE001B6BB0 /* SimpleTableViewController.swift in Sources */ = {isa = PBXBuildFile; fileRef = C44C480D2C4394CE001B6BB0 /* SimpleTableViewController.swift */; };
/* End PBXBuildFile section */

/* Begin PBXFileReference section */
		C42B8F7C2C4584790077F41E /* SimpleCollectionViewController.swift */ = {isa = PBXFileReference; lastKnownFileType = sourcecode.swift; path = SimpleCollectionViewController.swift; sourceTree = "<group>"; };
		C42B8F7E2C4589970077F41E /* SimpleView.swift */ = {isa = PBXFileReference; lastKnownFileType = sourcecode.swift; path = SimpleView.swift; sourceTree = "<group>"; };
		C44C47CD2C430786001B6BB0 /* UIKitBunker.app */ = {isa = PBXFileReference; explicitFileType = wrapper.application; includeInIndex = 0; path = UIKitBunker.app; sourceTree = BUILT_PRODUCTS_DIR; };
		C44C47D02C430786001B6BB0 /* AppDelegate.swift */ = {isa = PBXFileReference; lastKnownFileType = sourcecode.swift; path = AppDelegate.swift; sourceTree = "<group>"; };
		C44C47D22C430786001B6BB0 /* SceneDelegate.swift */ = {isa = PBXFileReference; lastKnownFileType = sourcecode.swift; path = SceneDelegate.swift; sourceTree = "<group>"; };
		C44C47D42C430786001B6BB0 /* ViewController.swift */ = {isa = PBXFileReference; lastKnownFileType = sourcecode.swift; path = ViewController.swift; sourceTree = "<group>"; };
		C44C47D72C430786001B6BB0 /* Base */ = {isa = PBXFileReference; lastKnownFileType = file.storyboard; name = Base; path = Base.lproj/Main.storyboard; sourceTree = "<group>"; };
		C44C47D92C430788001B6BB0 /* Assets.xcassets */ = {isa = PBXFileReference; lastKnownFileType = folder.assetcatalog; path = Assets.xcassets; sourceTree = "<group>"; };
		C44C47DC2C430788001B6BB0 /* Base */ = {isa = PBXFileReference; lastKnownFileType = file.storyboard; name = Base; path = Base.lproj/LaunchScreen.storyboard; sourceTree = "<group>"; };
		C44C47DE2C430788001B6BB0 /* Info.plist */ = {isa = PBXFileReference; lastKnownFileType = text.plist.xml; path = Info.plist; sourceTree = "<group>"; };
		C44C47E72C438F08001B6BB0 /* BasicViewController.swift */ = {isa = PBXFileReference; lastKnownFileType = sourcecode.swift; path = BasicViewController.swift; sourceTree = "<group>"; };
		C44C48062C439168001B6BB0 /* MixFrameworkViewController.swift */ = {isa = PBXFileReference; lastKnownFileType = sourcecode.swift; path = MixFrameworkViewController.swift; sourceTree = "<group>"; };
		C44C480B2C4393D0001B6BB0 /* SimpleViewController.swift */ = {isa = PBXFileReference; lastKnownFileType = sourcecode.swift; path = SimpleViewController.swift; sourceTree = "<group>"; };
		C44C480D2C4394CE001B6BB0 /* SimpleTableViewController.swift */ = {isa = PBXFileReference; lastKnownFileType = sourcecode.swift; path = SimpleTableViewController.swift; sourceTree = "<group>"; };
/* End PBXFileReference section */

/* Begin PBXFrameworksBuildPhase section */
		C44C47CA2C430786001B6BB0 /* Frameworks */ = {
			isa = PBXFrameworksBuildPhase;
			buildActionMask = 2147483647;
			files = (
			);
			runOnlyForDeploymentPostprocessing = 0;
		};
/* End PBXFrameworksBuildPhase section */

/* Begin PBXGroup section */
		C44C47C42C430786001B6BB0 = {
			isa = PBXGroup;
			children = (
				C44C47CF2C430786001B6BB0 /* UIKitBunker */,
				C44C47CE2C430786001B6BB0 /* Products */,
			);
			sourceTree = "<group>";
		};
		C44C47CE2C430786001B6BB0 /* Products */ = {
			isa = PBXGroup;
			children = (
				C44C47CD2C430786001B6BB0 /* UIKitBunker.app */,
			);
			name = Products;
			sourceTree = "<group>";
		};
		C44C47CF2C430786001B6BB0 /* UIKitBunker */ = {
			isa = PBXGroup;
			children = (
				C44C47E62C438EB9001B6BB0 /* SwiftUI+UIKit */,
				C44C47E42C438EA6001B6BB0 /* UIKit */,
				C44C47D02C430786001B6BB0 /* AppDelegate.swift */,
				C44C47D22C430786001B6BB0 /* SceneDelegate.swift */,
				C44C47D42C430786001B6BB0 /* ViewController.swift */,
				C44C47D62C430786001B6BB0 /* Main.storyboard */,
				C44C47D92C430788001B6BB0 /* Assets.xcassets */,
				C44C47DB2C430788001B6BB0 /* LaunchScreen.storyboard */,
				C44C47DE2C430788001B6BB0 /* Info.plist */,
			);
			path = UIKitBunker;
			sourceTree = "<group>";
		};
		C44C47E42C438EA6001B6BB0 /* UIKit */ = {
			isa = PBXGroup;
			children = (
				C44C47E72C438F08001B6BB0 /* BasicViewController.swift */,
				C44C480B2C4393D0001B6BB0 /* SimpleViewController.swift */,
				C44C480D2C4394CE001B6BB0 /* SimpleTableViewController.swift */,
				C42B8F7C2C4584790077F41E /* SimpleCollectionViewController.swift */,
				C42B8F7E2C4589970077F41E /* SimpleView.swift */,
			);
			path = UIKit;
			sourceTree = "<group>";
		};
		C44C47E62C438EB9001B6BB0 /* SwiftUI+UIKit */ = {
			isa = PBXGroup;
			children = (
				C44C48062C439168001B6BB0 /* MixFrameworkViewController.swift */,
			);
			path = "SwiftUI+UIKit";
			sourceTree = "<group>";
		};
/* End PBXGroup section */

/* Begin PBXNativeTarget section */
		C44C47CC2C430786001B6BB0 /* UIKitBunker */ = {
			isa = PBXNativeTarget;
			buildConfigurationList = C44C47E12C430788001B6BB0 /* Build configuration list for PBXNativeTarget "UIKitBunker" */;
			buildPhases = (
				C44C47C92C430786001B6BB0 /* Sources */,
				C44C47CA2C430786001B6BB0 /* Frameworks */,
				C44C47CB2C430786001B6BB0 /* Resources */,
			);
			buildRules = (
			);
			dependencies = (
			);
			name = UIKitBunker;
			productName = UIKitBunker;
			productReference = C44C47CD2C430786001B6BB0 /* UIKitBunker.app */;
			productType = "com.apple.product-type.application";
		};
/* End PBXNativeTarget section */

/* Begin PBXProject section */
		C44C47C52C430786001B6BB0 /* Project object */ = {
			isa = PBXProject;
			attributes = {
				BuildIndependentTargetsInParallel = 1;
				LastSwiftUpdateCheck = 1530;
				LastUpgradeCheck = 1530;
				TargetAttributes = {
					C44C47CC2C430786001B6BB0 = {
						CreatedOnToolsVersion = 15.3;
					};
				};
			};
			buildConfigurationList = C44C47C82C430786001B6BB0 /* Build configuration list for PBXProject "UIKitBunker" */;
			compatibilityVersion = "Xcode 14.0";
			developmentRegion = en;
			hasScannedForEncodings = 0;
			knownRegions = (
				en,
				Base,
			);
			mainGroup = C44C47C42C430786001B6BB0;
			productRefGroup = C44C47CE2C430786001B6BB0 /* Products */;
			projectDirPath = "";
			projectRoot = "";
			targets = (
				C44C47CC2C430786001B6BB0 /* UIKitBunker */,
			);
		};
/* End PBXProject section */

/* Begin PBXResourcesBuildPhase section */
		C44C47CB2C430786001B6BB0 /* Resources */ = {
			isa = PBXResourcesBuildPhase;
			buildActionMask = 2147483647;
			files = (
				C44C47DA2C430788001B6BB0 /* Assets.xcassets in Resources */,
				C44C47DD2C430788001B6BB0 /* Base in Resources */,
				C44C47D82C430786001B6BB0 /* Base in Resources */,
			);
			runOnlyForDeploymentPostprocessing = 0;
		};
/* End PBXResourcesBuildPhase section */

/* Begin PBXSourcesBuildPhase section */
		C44C47C92C430786001B6BB0 /* Sources */ = {
			isa = PBXSourcesBuildPhase;
			buildActionMask = 2147483647;
			files = (
				C44C48072C439168001B6BB0 /* MixFrameworkViewController.swift in Sources */,
				C42B8F7F2C4589970077F41E /* SimpleView.swift in Sources */,
				C44C47D52C430786001B6BB0 /* ViewController.swift in Sources */,
				C44C480C2C4393D0001B6BB0 /* SimpleViewController.swift in Sources */,
				C44C47E82C438F08001B6BB0 /* BasicViewController.swift in Sources */,
				C42B8F7D2C4584790077F41E /* SimpleCollectionViewController.swift in Sources */,
				C44C480E2C4394CE001B6BB0 /* SimpleTableViewController.swift in Sources */,
				C44C47D12C430786001B6BB0 /* AppDelegate.swift in Sources */,
				C44C47D32C430786001B6BB0 /* SceneDelegate.swift in Sources */,
			);
			runOnlyForDeploymentPostprocessing = 0;
		};
/* End PBXSourcesBuildPhase section */

/* Begin PBXVariantGroup section */
		C44C47D62C430786001B6BB0 /* Main.storyboard */ = {
			isa = PBXVariantGroup;
			children = (
				C44C47D72C430786001B6BB0 /* Base */,
			);
			name = Main.storyboard;
			sourceTree = "<group>";
		};
		C44C47DB2C430788001B6BB0 /* LaunchScreen.storyboard */ = {
			isa = PBXVariantGroup;
			children = (
				C44C47DC2C430788001B6BB0 /* Base */,
			);
			name = LaunchScreen.storyboard;
			sourceTree = "<group>";
		};
/* End PBXVariantGroup section */

/* Begin XCBuildConfiguration section */
		C44C47DF2C430788001B6BB0 /* Debug */ = {
			isa = XCBuildConfiguration;
			buildSettings = {
				ALWAYS_SEARCH_USER_PATHS = NO;
				ASSETCATALOG_COMPILER_GENERATE_SWIFT_ASSET_SYMBOL_EXTENSIONS = YES;
				CLANG_ANALYZER_NONNULL = YES;
				CLANG_ANALYZER_NUMBER_OBJECT_CONVERSION = YES_AGGRESSIVE;
				CLANG_CXX_LANGUAGE_STANDARD = "gnu++20";
				CLANG_ENABLE_MODULES = YES;
				CLANG_ENABLE_OBJC_ARC = YES;
				CLANG_ENABLE_OBJC_WEAK = YES;
				CLANG_WARN_BLOCK_CAPTURE_AUTORELEASING = YES;
				CLANG_WARN_BOOL_CONVERSION = YES;
				CLANG_WARN_COMMA = YES;
				CLANG_WARN_CONSTANT_CONVERSION = YES;
				CLANG_WARN_DEPRECATED_OBJC_IMPLEMENTATIONS = YES;
				CLANG_WARN_DIRECT_OBJC_ISA_USAGE = YES_ERROR;
				CLANG_WARN_DOCUMENTATION_COMMENTS = YES;
				CLANG_WARN_EMPTY_BODY = YES;
				CLANG_WARN_ENUM_CONVERSION = YES;
				CLANG_WARN_INFINITE_RECURSION = YES;
				CLANG_WARN_INT_CONVERSION = YES;
				CLANG_WARN_NON_LITERAL_NULL_CONVERSION = YES;
				CLANG_WARN_OBJC_IMPLICIT_RETAIN_SELF = YES;
				CLANG_WARN_OBJC_LITERAL_CONVERSION = YES;
				CLANG_WARN_OBJC_ROOT_CLASS = YES_ERROR;
				CLANG_WARN_QUOTED_INCLUDE_IN_FRAMEWORK_HEADER = YES;
				CLANG_WARN_RANGE_LOOP_ANALYSIS = YES;
				CLANG_WARN_STRICT_PROTOTYPES = YES;
				CLANG_WARN_SUSPICIOUS_MOVE = YES;
				CLANG_WARN_UNGUARDED_AVAILABILITY = YES_AGGRESSIVE;
				CLANG_WARN_UNREACHABLE_CODE = YES;
				CLANG_WARN__DUPLICATE_METHOD_MATCH = YES;
				COPY_PHASE_STRIP = NO;
				DEBUG_INFORMATION_FORMAT = dwarf;
				ENABLE_STRICT_OBJC_MSGSEND = YES;
				ENABLE_TESTABILITY = YES;
				ENABLE_USER_SCRIPT_SANDBOXING = YES;
				GCC_C_LANGUAGE_STANDARD = gnu17;
				GCC_DYNAMIC_NO_PIC = NO;
				GCC_NO_COMMON_BLOCKS = YES;
				GCC_OPTIMIZATION_LEVEL = 0;
				GCC_PREPROCESSOR_DEFINITIONS = (
					"DEBUG=1",
					"$(inherited)",
				);
				GCC_WARN_64_TO_32_BIT_CONVERSION = YES;
				GCC_WARN_ABOUT_RETURN_TYPE = YES_ERROR;
				GCC_WARN_UNDECLARED_SELECTOR = YES;
				GCC_WARN_UNINITIALIZED_AUTOS = YES_AGGRESSIVE;
				GCC_WARN_UNUSED_FUNCTION = YES;
				GCC_WARN_UNUSED_VARIABLE = YES;
				IPHONEOS_DEPLOYMENT_TARGET = 17.4;
				LOCALIZATION_PREFERS_STRING_CATALOGS = YES;
				MTL_ENABLE_DEBUG_INFO = INCLUDE_SOURCE;
				MTL_FAST_MATH = YES;
				ONLY_ACTIVE_ARCH = YES;
				SDKROOT = iphoneos;
				SWIFT_ACTIVE_COMPILATION_CONDITIONS = "DEBUG $(inherited)";
				SWIFT_OPTIMIZATION_LEVEL = "-Onone";
			};
			name = Debug;
		};
		C44C47E02C430788001B6BB0 /* Release */ = {
			isa = XCBuildConfiguration;
			buildSettings = {
				ALWAYS_SEARCH_USER_PATHS = NO;
				ASSETCATALOG_COMPILER_GENERATE_SWIFT_ASSET_SYMBOL_EXTENSIONS = YES;
				CLANG_ANALYZER_NONNULL = YES;
				CLANG_ANALYZER_NUMBER_OBJECT_CONVERSION = YES_AGGRESSIVE;
				CLANG_CXX_LANGUAGE_STANDARD = "gnu++20";
				CLANG_ENABLE_MODULES = YES;
				CLANG_ENABLE_OBJC_ARC = YES;
				CLANG_ENABLE_OBJC_WEAK = YES;
				CLANG_WARN_BLOCK_CAPTURE_AUTORELEASING = YES;
				CLANG_WARN_BOOL_CONVERSION = YES;
				CLANG_WARN_COMMA = YES;
				CLANG_WARN_CONSTANT_CONVERSION = YES;
				CLANG_WARN_DEPRECATED_OBJC_IMPLEMENTATIONS = YES;
				CLANG_WARN_DIRECT_OBJC_ISA_USAGE = YES_ERROR;
				CLANG_WARN_DOCUMENTATION_COMMENTS = YES;
				CLANG_WARN_EMPTY_BODY = YES;
				CLANG_WARN_ENUM_CONVERSION = YES;
				CLANG_WARN_INFINITE_RECURSION = YES;
				CLANG_WARN_INT_CONVERSION = YES;
				CLANG_WARN_NON_LITERAL_NULL_CONVERSION = YES;
				CLANG_WARN_OBJC_IMPLICIT_RETAIN_SELF = YES;
				CLANG_WARN_OBJC_LITERAL_CONVERSION = YES;
				CLANG_WARN_OBJC_ROOT_CLASS = YES_ERROR;
				CLANG_WARN_QUOTED_INCLUDE_IN_FRAMEWORK_HEADER = YES;
				CLANG_WARN_RANGE_LOOP_ANALYSIS = YES;
				CLANG_WARN_STRICT_PROTOTYPES = YES;
				CLANG_WARN_SUSPICIOUS_MOVE = YES;
				CLANG_WARN_UNGUARDED_AVAILABILITY = YES_AGGRESSIVE;
				CLANG_WARN_UNREACHABLE_CODE = YES;
				CLANG_WARN__DUPLICATE_METHOD_MATCH = YES;
				COPY_PHASE_STRIP = NO;
				DEBUG_INFORMATION_FORMAT = "dwarf-with-dsym";
				ENABLE_NS_ASSERTIONS = NO;
				ENABLE_STRICT_OBJC_MSGSEND = YES;
				ENABLE_USER_SCRIPT_SANDBOXING = YES;
				GCC_C_LANGUAGE_STANDARD = gnu17;
				GCC_NO_COMMON_BLOCKS = YES;
				GCC_WARN_64_TO_32_BIT_CONVERSION = YES;
				GCC_WARN_ABOUT_RETURN_TYPE = YES_ERROR;
				GCC_WARN_UNDECLARED_SELECTOR = YES;
				GCC_WARN_UNINITIALIZED_AUTOS = YES_AGGRESSIVE;
				GCC_WARN_UNUSED_FUNCTION = YES;
				GCC_WARN_UNUSED_VARIABLE = YES;
				IPHONEOS_DEPLOYMENT_TARGET = 17.4;
				LOCALIZATION_PREFERS_STRING_CATALOGS = YES;
				MTL_ENABLE_DEBUG_INFO = NO;
				MTL_FAST_MATH = YES;
				SDKROOT = iphoneos;
				SWIFT_COMPILATION_MODE = wholemodule;
				VALIDATE_PRODUCT = YES;
			};
			name = Release;
		};
		C44C47E22C430788001B6BB0 /* Debug */ = {
			isa = XCBuildConfiguration;
			buildSettings = {
				ASSETCATALOG_COMPILER_APPICON_NAME = AppIcon;
				ASSETCATALOG_COMPILER_GLOBAL_ACCENT_COLOR_NAME = AccentColor;
				CODE_SIGN_STYLE = Automatic;
				CURRENT_PROJECT_VERSION = 1;
				DEVELOPMENT_TEAM = P5B8DUW7N7;
				GENERATE_INFOPLIST_FILE = YES;
				INFOPLIST_FILE = UIKitBunker/Info.plist;
				INFOPLIST_KEY_UIApplicationSupportsIndirectInputEvents = YES;
				INFOPLIST_KEY_UILaunchStoryboardName = LaunchScreen;
				INFOPLIST_KEY_UIMainStoryboardFile = Main;
				INFOPLIST_KEY_UISupportedInterfaceOrientations_iPad = "UIInterfaceOrientationPortrait UIInterfaceOrientationPortraitUpsideDown UIInterfaceOrientationLandscapeLeft UIInterfaceOrientationLandscapeRight";
				INFOPLIST_KEY_UISupportedInterfaceOrientations_iPhone = "UIInterfaceOrientationPortrait UIInterfaceOrientationLandscapeLeft UIInterfaceOrientationLandscapeRight";
				LD_RUNPATH_SEARCH_PATHS = (
					"$(inherited)",
					"@executable_path/Frameworks",
				);
				MARKETING_VERSION = 1.0;
				PRODUCT_BUNDLE_IDENTIFIER = com.syafiqsobri.UIKitBunker;
				PRODUCT_NAME = "$(TARGET_NAME)";
				SWIFT_EMIT_LOC_STRINGS = YES;
				SWIFT_VERSION = 5.0;
				TARGETED_DEVICE_FAMILY = "1,2";
			};
			name = Debug;
		};
		C44C47E32C430788001B6BB0 /* Release */ = {
			isa = XCBuildConfiguration;
			buildSettings = {
				ASSETCATALOG_COMPILER_APPICON_NAME = AppIcon;
				ASSETCATALOG_COMPILER_GLOBAL_ACCENT_COLOR_NAME = AccentColor;
				CODE_SIGN_STYLE = Automatic;
				CURRENT_PROJECT_VERSION = 1;
				DEVELOPMENT_TEAM = P5B8DUW7N7;
				GENERATE_INFOPLIST_FILE = YES;
				INFOPLIST_FILE = UIKitBunker/Info.plist;
				INFOPLIST_KEY_UIApplicationSupportsIndirectInputEvents = YES;
				INFOPLIST_KEY_UILaunchStoryboardName = LaunchScreen;
				INFOPLIST_KEY_UIMainStoryboardFile = Main;
				INFOPLIST_KEY_UISupportedInterfaceOrientations_iPad = "UIInterfaceOrientationPortrait UIInterfaceOrientationPortraitUpsideDown UIInterfaceOrientationLandscapeLeft UIInterfaceOrientationLandscapeRight";
				INFOPLIST_KEY_UISupportedInterfaceOrientations_iPhone = "UIInterfaceOrientationPortrait UIInterfaceOrientationLandscapeLeft UIInterfaceOrientationLandscapeRight";
				LD_RUNPATH_SEARCH_PATHS = (
					"$(inherited)",
					"@executable_path/Frameworks",
				);
				MARKETING_VERSION = 1.0;
				PRODUCT_BUNDLE_IDENTIFIER = com.syafiqsobri.UIKitBunker;
				PRODUCT_NAME = "$(TARGET_NAME)";
				SWIFT_EMIT_LOC_STRINGS = YES;
				SWIFT_VERSION = 5.0;
				TARGETED_DEVICE_FAMILY = "1,2";
			};
			name = Release;
		};
/* End XCBuildConfiguration section */

/* Begin XCConfigurationList section */
		C44C47C82C430786001B6BB0 /* Build configuration list for PBXProject "UIKitBunker" */ = {
			isa = XCConfigurationList;
			buildConfigurations = (
				C44C47DF2C430788001B6BB0 /* Debug */,
				C44C47E02C430788001B6BB0 /* Release */,
			);
			defaultConfigurationIsVisible = 0;
			defaultConfigurationName = Release;
		};
		C44C47E12C430788001B6BB0 /* Build configuration list for PBXNativeTarget "UIKitBunker" */ = {
			isa = XCConfigurationList;
			buildConfigurations = (
				C44C47E22C430788001B6BB0 /* Debug */,
				C44C47E32C430788001B6BB0 /* Release */,
			);
			defaultConfigurationIsVisible = 0;
			defaultConfigurationName = Release;
		};
/* End XCConfigurationList section */
	};
	rootObject = C44C47C52C430786001B6BB0 /* Project object */;
}
